
Microsoft Visual Studio Solution File, Format Version 12.00
# Visual Studio 15
VisualStudioVersion = 15.0.27703.2000
MinimumVisualStudioVersion = 10.0.40219.1
Project("{8BC9CEB8-8B4A-11D0-8D11-00A0C91BC942}") = "ConsoleApplication4", "ConsoleApplication4\ConsoleApplication4.vcxproj", "{5A2C2C7B-A66A-456C-9D6E-24DA99CF19C0}"
EndProject
Project("{54435603-DBB4-11D2-8724-00A0C9A8B90C}") = "Setup1", "Setup1\Setup1.vdproj", "{5C11F4FB-DC40-4335-BDBB-7CE666899135}"
EndProject
Global
	GlobalSection(SolutionConfigurationPlatforms) = preSolution
		Debug|x64 = Debug|x64
		Debug|x86 = Debug|x86
		Release|x64 = Release|x64
		Release|x86 = Release|x86
	EndGlobalSection
	GlobalSection(ProjectConfigurationPlatforms) = postSolution
		{5A2C2C7B-A66A-456C-9D6E-24DA99CF19C0}.Debug|x64.ActiveCfg = Debug|x64
		{5A2C2C7B-A66A-456C-9D6E-24DA99CF19C0}.Debug|x64.Build.0 = Debug|x64
		{5A2C2C7B-A66A-456C-9D6E-24DA99CF19C0}.Debug|x86.ActiveCfg = Debug|Win32
		{5A2C2C7B-A66A-456C-9D6E-24DA99CF19C0}.Debug|x86.Build.0 = Debug|Win32
		{5A2C2C7B-A66A-456C-9D6E-24DA99CF19C0}.Release|x64.ActiveCfg = Release|x64
		{5A2C2C7B-A66A-456C-9D6E-24DA99CF19C0}.Release|x64.Build.0 = Release|x64
		{5A2C2C7B-A66A-456C-9D6E-24DA99CF19C0}.Release|x86.ActiveCfg = Release|Win32
		{5A2C2C7B-A66A-456C-9D6E-24DA99CF19C0}.Release|x86.Build.0 = Release|Win32
		{5C11F4FB-DC40-4335-BDBB-7CE666899135}.Debug|x64.ActiveCfg = Debug
		{5C11F4FB-DC40-4335-BDBB-7CE666899135}.Debug|x86.ActiveCfg = Debug
		{5C11F4FB-DC40-4335-BDBB-7CE666899135}.Release|x64.ActiveCfg = Release
		{5C11F4FB-DC40-4335-BDBB-7CE666899135}.Release|x86.ActiveCfg = Release
	EndGlobalSection
	GlobalSection(SolutionProperties) = preSolution
		HideSolutionNode = FALSE
	EndGlobalSection
	GlobalSection(ExtensibilityGlobals) = postSolution
		SolutionGuid = {DDB6C573-B457-4493-93C0-64505BFBD3CB}
	EndGlobalSection
EndGlobal
